// !$*UTF8*$!
{
	archiveVersion = 1;
	classes = {
	};
	objectVersion = 48;
	objects = {

/* Begin PBXBuildFile section */
		B51FDD80202BCDD100C42226 /* AppDelegate.swift in Sources */ = {isa = PBXBuildFile; fileRef = B51FDD7F202BCDD100C42226 /* AppDelegate.swift */; };
		B51FDD82202BCDD100C42226 /* ViewController.swift in Sources */ = {isa = PBXBuildFile; fileRef = B51FDD81202BCDD100C42226 /* ViewController.swift */; };
		B51FDD85202BCDD100C42226 /* Main.storyboard in Resources */ = {isa = PBXBuildFile; fileRef = B51FDD83202BCDD100C42226 /* Main.storyboard */; };
		B51FDD88202BCDD100C42226 /* time2assemble.xcdatamodeld in Sources */ = {isa = PBXBuildFile; fileRef = B51FDD86202BCDD100C42226 /* time2assemble.xcdatamodeld */; };
		B51FDD8A202BCDD100C42226 /* Assets.xcassets in Resources */ = {isa = PBXBuildFile; fileRef = B51FDD89202BCDD100C42226 /* Assets.xcassets */; };
		B51FDD8D202BCDD100C42226 /* LaunchScreen.storyboard in Resources */ = {isa = PBXBuildFile; fileRef = B51FDD8B202BCDD100C42226 /* LaunchScreen.storyboard */; };
		B51FDD98202BCDD100C42226 /* time2assembleTests.swift in Sources */ = {isa = PBXBuildFile; fileRef = B51FDD97202BCDD100C42226 /* time2assembleTests.swift */; };
		B51FDDA3202BCDD100C42226 /* time2assembleUITests.swift in Sources */ = {isa = PBXBuildFile; fileRef = B51FDDA2202BCDD100C42226 /* time2assembleUITests.swift */; };
/* End PBXBuildFile section */

/* Begin PBXContainerItemProxy section */
		B51FDD94202BCDD100C42226 /* PBXContainerItemProxy */ = {
			isa = PBXContainerItemProxy;
			containerPortal = B51FDD74202BCDD100C42226 /* Project object */;
			proxyType = 1;
			remoteGlobalIDString = B51FDD7B202BCDD100C42226;
			remoteInfo = time2assemble;
		};
		B51FDD9F202BCDD100C42226 /* PBXContainerItemProxy */ = {
			isa = PBXContainerItemProxy;
			containerPortal = B51FDD74202BCDD100C42226 /* Project object */;
			proxyType = 1;
			remoteGlobalIDString = B51FDD7B202BCDD100C42226;
			remoteInfo = time2assemble;
		};
/* End PBXContainerItemProxy section */

/* Begin PBXFileReference section */
		B51FDD7C202BCDD100C42226 /* time2assemble.app */ = {isa = PBXFileReference; explicitFileType = wrapper.application; includeInIndex = 0; path = time2assemble.app; sourceTree = BUILT_PRODUCTS_DIR; };
		B51FDD7F202BCDD100C42226 /* AppDelegate.swift */ = {isa = PBXFileReference; lastKnownFileType = sourcecode.swift; path = AppDelegate.swift; sourceTree = "<group>"; };
		B51FDD81202BCDD100C42226 /* ViewController.swift */ = {isa = PBXFileReference; lastKnownFileType = sourcecode.swift; path = ViewController.swift; sourceTree = "<group>"; };
		B51FDD84202BCDD100C42226 /* Base */ = {isa = PBXFileReference; lastKnownFileType = file.storyboard; name = Base; path = Base.lproj/Main.storyboard; sourceTree = "<group>"; };
		B51FDD87202BCDD100C42226 /* time2assemble.xcdatamodel */ = {isa = PBXFileReference; lastKnownFileType = wrapper.xcdatamodel; path = time2assemble.xcdatamodel; sourceTree = "<group>"; };
		B51FDD89202BCDD100C42226 /* Assets.xcassets */ = {isa = PBXFileReference; lastKnownFileType = folder.assetcatalog; path = Assets.xcassets; sourceTree = "<group>"; };
		B51FDD8C202BCDD100C42226 /* Base */ = {isa = PBXFileReference; lastKnownFileType = file.storyboard; name = Base; path = Base.lproj/LaunchScreen.storyboard; sourceTree = "<group>"; };
		B51FDD8E202BCDD100C42226 /* Info.plist */ = {isa = PBXFileReference; lastKnownFileType = text.plist.xml; path = Info.plist; sourceTree = "<group>"; };
		B51FDD93202BCDD100C42226 /* time2assembleTests.xctest */ = {isa = PBXFileReference; explicitFileType = wrapper.cfbundle; includeInIndex = 0; path = time2assembleTests.xctest; sourceTree = BUILT_PRODUCTS_DIR; };
		B51FDD97202BCDD100C42226 /* time2assembleTests.swift */ = {isa = PBXFileReference; lastKnownFileType = sourcecode.swift; path = time2assembleTests.swift; sourceTree = "<group>"; };
		B51FDD99202BCDD100C42226 /* Info.plist */ = {isa = PBXFileReference; lastKnownFileType = text.plist.xml; path = Info.plist; sourceTree = "<group>"; };
		B51FDD9E202BCDD100C42226 /* time2assembleUITests.xctest */ = {isa = PBXFileReference; explicitFileType = wrapper.cfbundle; includeInIndex = 0; path = time2assembleUITests.xctest; sourceTree = BUILT_PRODUCTS_DIR; };
		B51FDDA2202BCDD100C42226 /* time2assembleUITests.swift */ = {isa = PBXFileReference; lastKnownFileType = sourcecode.swift; path = time2assembleUITests.swift; sourceTree = "<group>"; };
		B51FDDA4202BCDD100C42226 /* Info.plist */ = {isa = PBXFileReference; lastKnownFileType = text.plist.xml; path = Info.plist; sourceTree = "<group>"; };
/* End PBXFileReference section */

/* Begin PBXFrameworksBuildPhase section */
		B51FDD79202BCDD100C42226 /* Frameworks */ = {
			isa = PBXFrameworksBuildPhase;
			buildActionMask = 2147483647;
			files = (
			);
			runOnlyForDeploymentPostprocessing = 0;
		};
		B51FDD90202BCDD100C42226 /* Frameworks */ = {
			isa = PBXFrameworksBuildPhase;
			buildActionMask = 2147483647;
			files = (
			);
			runOnlyForDeploymentPostprocessing = 0;
		};
		B51FDD9B202BCDD100C42226 /* Frameworks */ = {
			isa = PBXFrameworksBuildPhase;
			buildActionMask = 2147483647;
			files = (
			);
			runOnlyForDeploymentPostprocessing = 0;
		};
/* End PBXFrameworksBuildPhase section */

/* Begin PBXGroup section */
		B51FDD73202BCDD100C42226 = {
			isa = PBXGroup;
			children = (
				B51FDD7E202BCDD100C42226 /* time2assemble */,
				B51FDD96202BCDD100C42226 /* time2assembleTests */,
				B51FDDA1202BCDD100C42226 /* time2assembleUITests */,
				B51FDD7D202BCDD100C42226 /* Products */,
			);
			sourceTree = "<group>";
		};
		B51FDD7D202BCDD100C42226 /* Products */ = {
			isa = PBXGroup;
			children = (
				B51FDD7C202BCDD100C42226 /* time2assemble.app */,
				B51FDD93202BCDD100C42226 /* time2assembleTests.xctest */,
				B51FDD9E202BCDD100C42226 /* time2assembleUITests.xctest */,
			);
			name = Products;
			sourceTree = "<group>";
		};
		B51FDD7E202BCDD100C42226 /* time2assemble */ = {
			isa = PBXGroup;
			children = (
				B51FDD7F202BCDD100C42226 /* AppDelegate.swift */,
				B51FDD81202BCDD100C42226 /* ViewController.swift */,
				B51FDD83202BCDD100C42226 /* Main.storyboard */,
				B51FDD89202BCDD100C42226 /* Assets.xcassets */,
				B51FDD8B202BCDD100C42226 /* LaunchScreen.storyboard */,
				B51FDD8E202BCDD100C42226 /* Info.plist */,
				B51FDD86202BCDD100C42226 /* time2assemble.xcdatamodeld */,
			);
			path = time2assemble;
			sourceTree = "<group>";
		};
		B51FDD96202BCDD100C42226 /* time2assembleTests */ = {
			isa = PBXGroup;
			children = (
				B51FDD97202BCDD100C42226 /* time2assembleTests.swift */,
				B51FDD99202BCDD100C42226 /* Info.plist */,
			);
			path = time2assembleTests;
			sourceTree = "<group>";
		};
		B51FDDA1202BCDD100C42226 /* time2assembleUITests */ = {
			isa = PBXGroup;
			children = (
				B51FDDA2202BCDD100C42226 /* time2assembleUITests.swift */,
				B51FDDA4202BCDD100C42226 /* Info.plist */,
			);
			path = time2assembleUITests;
			sourceTree = "<group>";
		};
/* End PBXGroup section */

/* Begin PBXNativeTarget section */
		B51FDD7B202BCDD100C42226 /* time2assemble */ = {
			isa = PBXNativeTarget;
			buildConfigurationList = B51FDDA7202BCDD100C42226 /* Build configuration list for PBXNativeTarget "time2assemble" */;
			buildPhases = (
				B51FDD78202BCDD100C42226 /* Sources */,
				B51FDD79202BCDD100C42226 /* Frameworks */,
				B51FDD7A202BCDD100C42226 /* Resources */,
			);
			buildRules = (
			);
			dependencies = (
			);
			name = time2assemble;
			productName = time2assemble;
			productReference = B51FDD7C202BCDD100C42226 /* time2assemble.app */;
			productType = "com.apple.product-type.application";
		};
		B51FDD92202BCDD100C42226 /* time2assembleTests */ = {
			isa = PBXNativeTarget;
			buildConfigurationList = B51FDDAA202BCDD100C42226 /* Build configuration list for PBXNativeTarget "time2assembleTests" */;
			buildPhases = (
				B51FDD8F202BCDD100C42226 /* Sources */,
				B51FDD90202BCDD100C42226 /* Frameworks */,
				B51FDD91202BCDD100C42226 /* Resources */,
			);
			buildRules = (
			);
			dependencies = (
				B51FDD95202BCDD100C42226 /* PBXTargetDependency */,
			);
			name = time2assembleTests;
			productName = time2assembleTests;
			productReference = B51FDD93202BCDD100C42226 /* time2assembleTests.xctest */;
			productType = "com.apple.product-type.bundle.unit-test";
		};
		B51FDD9D202BCDD100C42226 /* time2assembleUITests */ = {
			isa = PBXNativeTarget;
			buildConfigurationList = B51FDDAD202BCDD100C42226 /* Build configuration list for PBXNativeTarget "time2assembleUITests" */;
			buildPhases = (
				B51FDD9A202BCDD100C42226 /* Sources */,
				B51FDD9B202BCDD100C42226 /* Frameworks */,
				B51FDD9C202BCDD100C42226 /* Resources */,
			);
			buildRules = (
			);
			dependencies = (
				B51FDDA0202BCDD100C42226 /* PBXTargetDependency */,
			);
			name = time2assembleUITests;
			productName = time2assembleUITests;
			productReference = B51FDD9E202BCDD100C42226 /* time2assembleUITests.xctest */;
			productType = "com.apple.product-type.bundle.ui-testing";
		};
/* End PBXNativeTarget section */

/* Begin PBXProject section */
		B51FDD74202BCDD100C42226 /* Project object */ = {
			isa = PBXProject;
			attributes = {
				LastSwiftUpdateCheck = 0920;
				LastUpgradeCheck = 0920;
				ORGANIZATIONNAME = "Emmanuel Suarez";
				TargetAttributes = {
					B51FDD7B202BCDD100C42226 = {
						CreatedOnToolsVersion = 9.2;
						ProvisioningStyle = Automatic;
					};
					B51FDD92202BCDD100C42226 = {
						CreatedOnToolsVersion = 9.2;
						ProvisioningStyle = Automatic;
						TestTargetID = B51FDD7B202BCDD100C42226;
					};
					B51FDD9D202BCDD100C42226 = {
						CreatedOnToolsVersion = 9.2;
						ProvisioningStyle = Automatic;
						TestTargetID = B51FDD7B202BCDD100C42226;
					};
				};
			};
			buildConfigurationList = B51FDD77202BCDD100C42226 /* Build configuration list for PBXProject "time2assemble" */;
			compatibilityVersion = "Xcode 8.0";
			developmentRegion = en;
			hasScannedForEncodings = 0;
			knownRegions = (
				en,
				Base,
			);
			mainGroup = B51FDD73202BCDD100C42226;
			productRefGroup = B51FDD7D202BCDD100C42226 /* Products */;
			projectDirPath = "";
			projectRoot = "";
			targets = (
				B51FDD7B202BCDD100C42226 /* time2assemble */,
				B51FDD92202BCDD100C42226 /* time2assembleTests */,
				B51FDD9D202BCDD100C42226 /* time2assembleUITests */,
			);
		};
/* End PBXProject section */

/* Begin PBXResourcesBuildPhase section */
		B51FDD7A202BCDD100C42226 /* Resources */ = {
			isa = PBXResourcesBuildPhase;
			buildActionMask = 2147483647;
			files = (
				B51FDD8D202BCDD100C42226 /* LaunchScreen.storyboard in Resources */,
				B51FDD8A202BCDD100C42226 /* Assets.xcassets in Resources */,
				B51FDD85202BCDD100C42226 /* Main.storyboard in Resources */,
			);
			runOnlyForDeploymentPostprocessing = 0;
		};
		B51FDD91202BCDD100C42226 /* Resources */ = {
			isa = PBXResourcesBuildPhase;
			buildActionMask = 2147483647;
			files = (
			);
			runOnlyForDeploymentPostprocessing = 0;
		};
		B51FDD9C202BCDD100C42226 /* Resources */ = {
			isa = PBXResourcesBuildPhase;
			buildActionMask = 2147483647;
			files = (
			);
			runOnlyForDeploymentPostprocessing = 0;
		};
/* End PBXResourcesBuildPhase section */

/* Begin PBXSourcesBuildPhase section */
		B51FDD78202BCDD100C42226 /* Sources */ = {
			isa = PBXSourcesBuildPhase;
			buildActionMask = 2147483647;
			files = (
				B51FDD82202BCDD100C42226 /* ViewController.swift in Sources */,
				B51FDD88202BCDD100C42226 /* time2assemble.xcdatamodeld in Sources */,
				B51FDD80202BCDD100C42226 /* AppDelegate.swift in Sources */,
			);
			runOnlyForDeploymentPostprocessing = 0;
		};
		B51FDD8F202BCDD100C42226 /* Sources */ = {
			isa = PBXSourcesBuildPhase;
			buildActionMask = 2147483647;
			files = (
				B51FDD98202BCDD100C42226 /* time2assembleTests.swift in Sources */,
			);
			runOnlyForDeploymentPostprocessing = 0;
		};
		B51FDD9A202BCDD100C42226 /* Sources */ = {
			isa = PBXSourcesBuildPhase;
			buildActionMask = 2147483647;
			files = (
				B51FDDA3202BCDD100C42226 /* time2assembleUITests.swift in Sources */,
			);
			runOnlyForDeploymentPostprocessing = 0;
		};
/* End PBXSourcesBuildPhase section */

/* Begin PBXTargetDependency section */
		B51FDD95202BCDD100C42226 /* PBXTargetDependency */ = {
			isa = PBXTargetDependency;
			target = B51FDD7B202BCDD100C42226 /* time2assemble */;
			targetProxy = B51FDD94202BCDD100C42226 /* PBXContainerItemProxy */;
		};
		B51FDDA0202BCDD100C42226 /* PBXTargetDependency */ = {
			isa = PBXTargetDependency;
			target = B51FDD7B202BCDD100C42226 /* time2assemble */;
			targetProxy = B51FDD9F202BCDD100C42226 /* PBXContainerItemProxy */;
		};
/* End PBXTargetDependency section */

/* Begin PBXVariantGroup section */
		B51FDD83202BCDD100C42226 /* Main.storyboard */ = {
			isa = PBXVariantGroup;
			children = (
				B51FDD84202BCDD100C42226 /* Base */,
			);
			name = Main.storyboard;
			sourceTree = "<group>";
		};
		B51FDD8B202BCDD100C42226 /* LaunchScreen.storyboard */ = {
			isa = PBXVariantGroup;
			children = (
				B51FDD8C202BCDD100C42226 /* Base */,
			);
			name = LaunchScreen.storyboard;
			sourceTree = "<group>";
		};
/* End PBXVariantGroup section */

/* Begin XCBuildConfiguration section */
		B51FDDA5202BCDD100C42226 /* Debug */ = {
			isa = XCBuildConfiguration;
			buildSettings = {
				ALWAYS_SEARCH_USER_PATHS = NO;
				CLANG_ANALYZER_NONNULL = YES;
				CLANG_ANALYZER_NUMBER_OBJECT_CONVERSION = YES_AGGRESSIVE;
				CLANG_CXX_LANGUAGE_STANDARD = "gnu++14";
				CLANG_CXX_LIBRARY = "libc++";
				CLANG_ENABLE_MODULES = YES;
				CLANG_ENABLE_OBJC_ARC = YES;
				CLANG_WARN_BLOCK_CAPTURE_AUTORELEASING = YES;
				CLANG_WARN_BOOL_CONVERSION = YES;
				CLANG_WARN_COMMA = YES;
				CLANG_WARN_CONSTANT_CONVERSION = YES;
				CLANG_WARN_DIRECT_OBJC_ISA_USAGE = YES_ERROR;
				CLANG_WARN_DOCUMENTATION_COMMENTS = YES;
				CLANG_WARN_EMPTY_BODY = YES;
				CLANG_WARN_ENUM_CONVERSION = YES;
				CLANG_WARN_INFINITE_RECURSION = YES;
				CLANG_WARN_INT_CONVERSION = YES;
				CLANG_WARN_NON_LITERAL_NULL_CONVERSION = YES;
				CLANG_WARN_OBJC_LITERAL_CONVERSION = YES;
				CLANG_WARN_OBJC_ROOT_CLASS = YES_ERROR;
				CLANG_WARN_RANGE_LOOP_ANALYSIS = YES;
				CLANG_WARN_STRICT_PROTOTYPES = YES;
				CLANG_WARN_SUSPICIOUS_MOVE = YES;
				CLANG_WARN_UNGUARDED_AVAILABILITY = YES_AGGRESSIVE;
				CLANG_WARN_UNREACHABLE_CODE = YES;
				CLANG_WARN__DUPLICATE_METHOD_MATCH = YES;
				CODE_SIGN_IDENTITY = "iPhone Developer";
				COPY_PHASE_STRIP = NO;
				DEBUG_INFORMATION_FORMAT = dwarf;
				ENABLE_STRICT_OBJC_MSGSEND = YES;
				ENABLE_TESTABILITY = YES;
				GCC_C_LANGUAGE_STANDARD = gnu11;
				GCC_DYNAMIC_NO_PIC = NO;
				GCC_NO_COMMON_BLOCKS = YES;
				GCC_OPTIMIZATION_LEVEL = 0;
				GCC_PREPROCESSOR_DEFINITIONS = (
					"DEBUG=1",
					"$(inherited)",
				);
				GCC_WARN_64_TO_32_BIT_CONVERSION = YES;
				GCC_WARN_ABOUT_RETURN_TYPE = YES_ERROR;
				GCC_WARN_UNDECLARED_SELECTOR = YES;
				GCC_WARN_UNINITIALIZED_AUTOS = YES_AGGRESSIVE;
				GCC_WARN_UNUSED_FUNCTION = YES;
				GCC_WARN_UNUSED_VARIABLE = YES;
				IPHONEOS_DEPLOYMENT_TARGET = 11.2;
				MTL_ENABLE_DEBUG_INFO = YES;
				ONLY_ACTIVE_ARCH = YES;
				SDKROOT = iphoneos;
				SWIFT_ACTIVE_COMPILATION_CONDITIONS = DEBUG;
				SWIFT_OPTIMIZATION_LEVEL = "-Onone";
			};
			name = Debug;
		};
		B51FDDA6202BCDD100C42226 /* Release */ = {
			isa = XCBuildConfiguration;
			buildSettings = {
				ALWAYS_SEARCH_USER_PATHS = NO;
				CLANG_ANALYZER_NONNULL = YES;
				CLANG_ANALYZER_NUMBER_OBJECT_CONVERSION = YES_AGGRESSIVE;
				CLANG_CXX_LANGUAGE_STANDARD = "gnu++14";
				CLANG_CXX_LIBRARY = "libc++";
				CLANG_ENABLE_MODULES = YES;
				CLANG_ENABLE_OBJC_ARC = YES;
				CLANG_WARN_BLOCK_CAPTURE_AUTORELEASING = YES;
				CLANG_WARN_BOOL_CONVERSION = YES;
				CLANG_WARN_COMMA = YES;
				CLANG_WARN_CONSTANT_CONVERSION = YES;
				CLANG_WARN_DIRECT_OBJC_ISA_USAGE = YES_ERROR;
				CLANG_WARN_DOCUMENTATION_COMMENTS = YES;
				CLANG_WARN_EMPTY_BODY = YES;
				CLANG_WARN_ENUM_CONVERSION = YES;
				CLANG_WARN_INFINITE_RECURSION = YES;
				CLANG_WARN_INT_CONVERSION = YES;
				CLANG_WARN_NON_LITERAL_NULL_CONVERSION = YES;
				CLANG_WARN_OBJC_LITERAL_CONVERSION = YES;
				CLANG_WARN_OBJC_ROOT_CLASS = YES_ERROR;
				CLANG_WARN_RANGE_LOOP_ANALYSIS = YES;
				CLANG_WARN_STRICT_PROTOTYPES = YES;
				CLANG_WARN_SUSPICIOUS_MOVE = YES;
				CLANG_WARN_UNGUARDED_AVAILABILITY = YES_AGGRESSIVE;
				CLANG_WARN_UNREACHABLE_CODE = YES;
				CLANG_WARN__DUPLICATE_METHOD_MATCH = YES;
				CODE_SIGN_IDENTITY = "iPhone Developer";
				COPY_PHASE_STRIP = NO;
				DEBUG_INFORMATION_FORMAT = "dwarf-with-dsym";
				ENABLE_NS_ASSERTIONS = NO;
				ENABLE_STRICT_OBJC_MSGSEND = YES;
				GCC_C_LANGUAGE_STANDARD = gnu11;
				GCC_NO_COMMON_BLOCKS = YES;
				GCC_WARN_64_TO_32_BIT_CONVERSION = YES;
				GCC_WARN_ABOUT_RETURN_TYPE = YES_ERROR;
				GCC_WARN_UNDECLARED_SELECTOR = YES;
				GCC_WARN_UNINITIALIZED_AUTOS = YES_AGGRESSIVE;
				GCC_WARN_UNUSED_FUNCTION = YES;
				GCC_WARN_UNUSED_VARIABLE = YES;
				IPHONEOS_DEPLOYMENT_TARGET = 11.2;
				MTL_ENABLE_DEBUG_INFO = NO;
				SDKROOT = iphoneos;
				SWIFT_OPTIMIZATION_LEVEL = "-Owholemodule";
				VALIDATE_PRODUCT = YES;
			};
			name = Release;
		};
		B51FDDA8202BCDD100C42226 /* Debug */ = {
			isa = XCBuildConfiguration;
			buildSettings = {
				ASSETCATALOG_COMPILER_APPICON_NAME = AppIcon;
				CODE_SIGN_STYLE = Automatic;
				INFOPLIST_FILE = time2assemble/Info.plist;
				LD_RUNPATH_SEARCH_PATHS = "$(inherited) @executable_path/Frameworks";
				PRODUCT_BUNDLE_IDENTIFIER = cis350.group37.sp18.time2assemble;
				PRODUCT_NAME = "$(TARGET_NAME)";
				SWIFT_VERSION = 4.0;
				TARGETED_DEVICE_FAMILY = "1,2";
			};
			name = Debug;
		};
		B51FDDA9202BCDD100C42226 /* Release */ = {
			isa = XCBuildConfiguration;
			buildSettings = {
				ASSETCATALOG_COMPILER_APPICON_NAME = AppIcon;
				CODE_SIGN_STYLE = Automatic;
				INFOPLIST_FILE = time2assemble/Info.plist;
				LD_RUNPATH_SEARCH_PATHS = "$(inherited) @executable_path/Frameworks";
				PRODUCT_BUNDLE_IDENTIFIER = cis350.group37.sp18.time2assemble;
				PRODUCT_NAME = "$(TARGET_NAME)";
				SWIFT_VERSION = 4.0;
				TARGETED_DEVICE_FAMILY = "1,2";
			};
			name = Release;
		};
		B51FDDAB202BCDD100C42226 /* Debug */ = {
			isa = XCBuildConfiguration;
			buildSettings = {
				ALWAYS_EMBED_SWIFT_STANDARD_LIBRARIES = YES;
				BUNDLE_LOADER = "$(TEST_HOST)";
				CODE_SIGN_STYLE = Automatic;
				INFOPLIST_FILE = time2assembleTests/Info.plist;
				LD_RUNPATH_SEARCH_PATHS = "$(inherited) @executable_path/Frameworks @loader_path/Frameworks";
				PRODUCT_BUNDLE_IDENTIFIER = cis350.group37.sp18.time2assembleTests;
				PRODUCT_NAME = "$(TARGET_NAME)";
				SWIFT_VERSION = 4.0;
				TARGETED_DEVICE_FAMILY = "1,2";
				TEST_HOST = "$(BUILT_PRODUCTS_DIR)/time2assemble.app/time2assemble";
			};
			name = Debug;
		};
		B51FDDAC202BCDD100C42226 /* Release */ = {
			isa = XCBuildConfiguration;
			buildSettings = {
				ALWAYS_EMBED_SWIFT_STANDARD_LIBRARIES = YES;
				BUNDLE_LOADER = "$(TEST_HOST)";
				CODE_SIGN_STYLE = Automatic;
				INFOPLIST_FILE = time2assembleTests/Info.plist;
				LD_RUNPATH_SEARCH_PATHS = "$(inherited) @executable_path/Frameworks @loader_path/Frameworks";
				PRODUCT_BUNDLE_IDENTIFIER = cis350.group37.sp18.time2assembleTests;
				PRODUCT_NAME = "$(TARGET_NAME)";
				SWIFT_VERSION = 4.0;
				TARGETED_DEVICE_FAMILY = "1,2";
				TEST_HOST = "$(BUILT_PRODUCTS_DIR)/time2assemble.app/time2assemble";
			};
			name = Release;
		};
		B51FDDAE202BCDD100C42226 /* Debug */ = {
			isa = XCBuildConfiguration;
			buildSettings = {
				ALWAYS_EMBED_SWIFT_STANDARD_LIBRARIES = YES;
				CODE_SIGN_STYLE = Automatic;
				INFOPLIST_FILE = time2assembleUITests/Info.plist;
				LD_RUNPATH_SEARCH_PATHS = "$(inherited) @executable_path/Frameworks @loader_path/Frameworks";
				PRODUCT_BUNDLE_IDENTIFIER = cis350.group37.sp18.time2assembleUITests;
				PRODUCT_NAME = "$(TARGET_NAME)";
				SWIFT_VERSION = 4.0;
				TARGETED_DEVICE_FAMILY = "1,2";
				TEST_TARGET_NAME = time2assemble;
			};
			name = Debug;
		};
		B51FDDAF202BCDD100C42226 /* Release */ = {
			isa = XCBuildConfiguration;
			buildSettings = {
				ALWAYS_EMBED_SWIFT_STANDARD_LIBRARIES = YES;
				CODE_SIGN_STYLE = Automatic;
				INFOPLIST_FILE = time2assembleUITests/Info.plist;
				LD_RUNPATH_SEARCH_PATHS = "$(inherited) @executable_path/Frameworks @loader_path/Frameworks";
				PRODUCT_BUNDLE_IDENTIFIER = cis350.group37.sp18.time2assembleUITests;
				PRODUCT_NAME = "$(TARGET_NAME)";
				SWIFT_VERSION = 4.0;
				TARGETED_DEVICE_FAMILY = "1,2";
				TEST_TARGET_NAME = time2assemble;
			};
			name = Release;
		};
/* End XCBuildConfiguration section */

/* Begin XCConfigurationList section */
		B51FDD77202BCDD100C42226 /* Build configuration list for PBXProject "time2assemble" */ = {
			isa = XCConfigurationList;
			buildConfigurations = (
				B51FDDA5202BCDD100C42226 /* Debug */,
				B51FDDA6202BCDD100C42226 /* Release */,
			);
			defaultConfigurationIsVisible = 0;
			defaultConfigurationName = Release;
		};
		B51FDDA7202BCDD100C42226 /* Build configuration list for PBXNativeTarget "time2assemble" */ = {
			isa = XCConfigurationList;
			buildConfigurations = (
				B51FDDA8202BCDD100C42226 /* Debug */,
				B51FDDA9202BCDD100C42226 /* Release */,
			);
			defaultConfigurationIsVisible = 0;
			defaultConfigurationName = Release;
		};
		B51FDDAA202BCDD100C42226 /* Build configuration list for PBXNativeTarget "time2assembleTests" */ = {
			isa = XCConfigurationList;
			buildConfigurations = (
				B51FDDAB202BCDD100C42226 /* Debug */,
				B51FDDAC202BCDD100C42226 /* Release */,
			);
			defaultConfigurationIsVisible = 0;
			defaultConfigurationName = Release;
		};
		B51FDDAD202BCDD100C42226 /* Build configuration list for PBXNativeTarget "time2assembleUITests" */ = {
			isa = XCConfigurationList;
			buildConfigurations = (
				B51FDDAE202BCDD100C42226 /* Debug */,
				B51FDDAF202BCDD100C42226 /* Release */,
			);
			defaultConfigurationIsVisible = 0;
			defaultConfigurationName = Release;
		};
/* End XCConfigurationList section */

/* Begin XCVersionGroup section */
		B51FDD86202BCDD100C42226 /* time2assemble.xcdatamodeld */ = {
			isa = XCVersionGroup;
			children = (
				B51FDD87202BCDD100C42226 /* time2assemble.xcdatamodel */,
			);
			currentVersion = B51FDD87202BCDD100C42226 /* time2assemble.xcdatamodel */;
			path = time2assemble.xcdatamodeld;
			sourceTree = "<group>";
			versionGroupType = wrapper.xcdatamodel;
		};
/* End XCVersionGroup section */
	};
	rootObject = B51FDD74202BCDD100C42226 /* Project object */;
}
